// !$*UTF8*$!
{
	archiveVersion = 1;
	classes = {
	};
	objectVersion = 46;
	objects = {

/* Begin PBXBuildFile section */
		37ED95521D194B7200BEEE82 /* AppDelegate.swift in Sources */ = {isa = PBXBuildFile; fileRef = 37ED95511D194B7200BEEE82 /* AppDelegate.swift */; };
		37ED95541D194B7200BEEE82 /* MasterViewController.swift in Sources */ = {isa = PBXBuildFile; fileRef = 37ED95531D194B7200BEEE82 /* MasterViewController.swift */; };
		37ED95561D194B7200BEEE82 /* DetailViewController.swift in Sources */ = {isa = PBXBuildFile; fileRef = 37ED95551D194B7200BEEE82 /* DetailViewController.swift */; };
		37ED95591D194B7200BEEE82 /* Main.storyboard in Resources */ = {isa = PBXBuildFile; fileRef = 37ED95571D194B7200BEEE82 /* Main.storyboard */; };
		37ED955B1D194B7200BEEE82 /* Assets.xcassets in Resources */ = {isa = PBXBuildFile; fileRef = 37ED955A1D194B7200BEEE82 /* Assets.xcassets */; };
		37ED955E1D194B7200BEEE82 /* LaunchScreen.storyboard in Resources */ = {isa = PBXBuildFile; fileRef = 37ED955C1D194B7200BEEE82 /* LaunchScreen.storyboard */; };
		37ED95691D194B7200BEEE82 /* PoudlardTests.swift in Sources */ = {isa = PBXBuildFile; fileRef = 37ED95681D194B7200BEEE82 /* PoudlardTests.swift */; };
		37ED95741D194B7200BEEE82 /* PoudlardUITests.swift in Sources */ = {isa = PBXBuildFile; fileRef = 37ED95731D194B7200BEEE82 /* PoudlardUITests.swift */; };
/* End PBXBuildFile section */

/* Begin PBXContainerItemProxy section */
		37ED95651D194B7200BEEE82 /* PBXContainerItemProxy */ = {
			isa = PBXContainerItemProxy;
			containerPortal = 37ED95461D194B7200BEEE82 /* Project object */;
			proxyType = 1;
			remoteGlobalIDString = 37ED954D1D194B7200BEEE82;
			remoteInfo = Poudlard;
		};
		37ED95701D194B7200BEEE82 /* PBXContainerItemProxy */ = {
			isa = PBXContainerItemProxy;
			containerPortal = 37ED95461D194B7200BEEE82 /* Project object */;
			proxyType = 1;
			remoteGlobalIDString = 37ED954D1D194B7200BEEE82;
			remoteInfo = Poudlard;
		};
/* End PBXContainerItemProxy section */

/* Begin PBXFileReference section */
		37ED954E1D194B7200BEEE82 /* Poudlard.app */ = {isa = PBXFileReference; explicitFileType = wrapper.application; includeInIndex = 0; path = Poudlard.app; sourceTree = BUILT_PRODUCTS_DIR; };
		37ED95511D194B7200BEEE82 /* AppDelegate.swift */ = {isa = PBXFileReference; lastKnownFileType = sourcecode.swift; path = AppDelegate.swift; sourceTree = "<group>"; };
		37ED95531D194B7200BEEE82 /* MasterViewController.swift */ = {isa = PBXFileReference; lastKnownFileType = sourcecode.swift; path = MasterViewController.swift; sourceTree = "<group>"; };
		37ED95551D194B7200BEEE82 /* DetailViewController.swift */ = {isa = PBXFileReference; lastKnownFileType = sourcecode.swift; path = DetailViewController.swift; sourceTree = "<group>"; };
		37ED95581D194B7200BEEE82 /* Base */ = {isa = PBXFileReference; lastKnownFileType = file.storyboard; name = Base; path = Base.lproj/Main.storyboard; sourceTree = "<group>"; };
		37ED955A1D194B7200BEEE82 /* Assets.xcassets */ = {isa = PBXFileReference; lastKnownFileType = folder.assetcatalog; path = Assets.xcassets; sourceTree = "<group>"; };
		37ED955D1D194B7200BEEE82 /* Base */ = {isa = PBXFileReference; lastKnownFileType = file.storyboard; name = Base; path = Base.lproj/LaunchScreen.storyboard; sourceTree = "<group>"; };
		37ED955F1D194B7200BEEE82 /* Info.plist */ = {isa = PBXFileReference; lastKnownFileType = text.plist.xml; path = Info.plist; sourceTree = "<group>"; };
		37ED95641D194B7200BEEE82 /* PoudlardTests.xctest */ = {isa = PBXFileReference; explicitFileType = wrapper.cfbundle; includeInIndex = 0; path = PoudlardTests.xctest; sourceTree = BUILT_PRODUCTS_DIR; };
		37ED95681D194B7200BEEE82 /* PoudlardTests.swift */ = {isa = PBXFileReference; lastKnownFileType = sourcecode.swift; path = PoudlardTests.swift; sourceTree = "<group>"; };
		37ED956A1D194B7200BEEE82 /* Info.plist */ = {isa = PBXFileReference; lastKnownFileType = text.plist.xml; path = Info.plist; sourceTree = "<group>"; };
		37ED956F1D194B7200BEEE82 /* PoudlardUITests.xctest */ = {isa = PBXFileReference; explicitFileType = wrapper.cfbundle; includeInIndex = 0; path = PoudlardUITests.xctest; sourceTree = BUILT_PRODUCTS_DIR; };
		37ED95731D194B7200BEEE82 /* PoudlardUITests.swift */ = {isa = PBXFileReference; lastKnownFileType = sourcecode.swift; path = PoudlardUITests.swift; sourceTree = "<group>"; };
		37ED95751D194B7200BEEE82 /* Info.plist */ = {isa = PBXFileReference; lastKnownFileType = text.plist.xml; path = Info.plist; sourceTree = "<group>"; };
/* End PBXFileReference section */

/* Begin PBXFrameworksBuildPhase section */
		37ED954B1D194B7200BEEE82 /* Frameworks */ = {
			isa = PBXFrameworksBuildPhase;
			buildActionMask = 2147483647;
			files = (
			);
			runOnlyForDeploymentPostprocessing = 0;
		};
		37ED95611D194B7200BEEE82 /* Frameworks */ = {
			isa = PBXFrameworksBuildPhase;
			buildActionMask = 2147483647;
			files = (
			);
			runOnlyForDeploymentPostprocessing = 0;
		};
		37ED956C1D194B7200BEEE82 /* Frameworks */ = {
			isa = PBXFrameworksBuildPhase;
			buildActionMask = 2147483647;
			files = (
			);
			runOnlyForDeploymentPostprocessing = 0;
		};
/* End PBXFrameworksBuildPhase section */

/* Begin PBXGroup section */
		37ED95451D194B7200BEEE82 = {
			isa = PBXGroup;
			children = (
				37ED95501D194B7200BEEE82 /* Poudlard */,
				37ED95671D194B7200BEEE82 /* PoudlardTests */,
				37ED95721D194B7200BEEE82 /* PoudlardUITests */,
				37ED954F1D194B7200BEEE82 /* Products */,
			);
			sourceTree = "<group>";
		};
		37ED954F1D194B7200BEEE82 /* Products */ = {
			isa = PBXGroup;
			children = (
				37ED954E1D194B7200BEEE82 /* Poudlard.app */,
				37ED95641D194B7200BEEE82 /* PoudlardTests.xctest */,
				37ED956F1D194B7200BEEE82 /* PoudlardUITests.xctest */,
			);
			name = Products;
			sourceTree = "<group>";
		};
		37ED95501D194B7200BEEE82 /* Poudlard */ = {
			isa = PBXGroup;
			children = (
				37ED95511D194B7200BEEE82 /* AppDelegate.swift */,
				37ED95531D194B7200BEEE82 /* MasterViewController.swift */,
				37ED95551D194B7200BEEE82 /* DetailViewController.swift */,
				37ED95571D194B7200BEEE82 /* Main.storyboard */,
				37ED955A1D194B7200BEEE82 /* Assets.xcassets */,
				37ED955C1D194B7200BEEE82 /* LaunchScreen.storyboard */,
				37ED955F1D194B7200BEEE82 /* Info.plist */,
			);
			path = Poudlard;
			sourceTree = "<group>";
		};
		37ED95671D194B7200BEEE82 /* PoudlardTests */ = {
			isa = PBXGroup;
			children = (
				37ED95681D194B7200BEEE82 /* PoudlardTests.swift */,
				37ED956A1D194B7200BEEE82 /* Info.plist */,
			);
			path = PoudlardTests;
			sourceTree = "<group>";
		};
		37ED95721D194B7200BEEE82 /* PoudlardUITests */ = {
			isa = PBXGroup;
			children = (
				37ED95731D194B7200BEEE82 /* PoudlardUITests.swift */,
				37ED95751D194B7200BEEE82 /* Info.plist */,
			);
			path = PoudlardUITests;
			sourceTree = "<group>";
		};
/* End PBXGroup section */

/* Begin PBXNativeTarget section */
		37ED954D1D194B7200BEEE82 /* Poudlard */ = {
			isa = PBXNativeTarget;
			buildConfigurationList = 37ED95781D194B7200BEEE82 /* Build configuration list for PBXNativeTarget "Poudlard" */;
			buildPhases = (
				37ED954A1D194B7200BEEE82 /* Sources */,
				37ED954B1D194B7200BEEE82 /* Frameworks */,
				37ED954C1D194B7200BEEE82 /* Resources */,
			);
			buildRules = (
			);
			dependencies = (
			);
			name = Poudlard;
			productName = Poudlard;
			productReference = 37ED954E1D194B7200BEEE82 /* Poudlard.app */;
			productType = "com.apple.product-type.application";
		};
		37ED95631D194B7200BEEE82 /* PoudlardTests */ = {
			isa = PBXNativeTarget;
			buildConfigurationList = 37ED957B1D194B7200BEEE82 /* Build configuration list for PBXNativeTarget "PoudlardTests" */;
			buildPhases = (
				37ED95601D194B7200BEEE82 /* Sources */,
				37ED95611D194B7200BEEE82 /* Frameworks */,
				37ED95621D194B7200BEEE82 /* Resources */,
			);
			buildRules = (
			);
			dependencies = (
				37ED95661D194B7200BEEE82 /* PBXTargetDependency */,
			);
			name = PoudlardTests;
			productName = PoudlardTests;
			productReference = 37ED95641D194B7200BEEE82 /* PoudlardTests.xctest */;
			productType = "com.apple.product-type.bundle.unit-test";
		};
		37ED956E1D194B7200BEEE82 /* PoudlardUITests */ = {
			isa = PBXNativeTarget;
			buildConfigurationList = 37ED957E1D194B7200BEEE82 /* Build configuration list for PBXNativeTarget "PoudlardUITests" */;
			buildPhases = (
				37ED956B1D194B7200BEEE82 /* Sources */,
				37ED956C1D194B7200BEEE82 /* Frameworks */,
				37ED956D1D194B7200BEEE82 /* Resources */,
			);
			buildRules = (
			);
			dependencies = (
				37ED95711D194B7200BEEE82 /* PBXTargetDependency */,
			);
			name = PoudlardUITests;
			productName = PoudlardUITests;
			productReference = 37ED956F1D194B7200BEEE82 /* PoudlardUITests.xctest */;
			productType = "com.apple.product-type.bundle.ui-testing";
		};
/* End PBXNativeTarget section */

/* Begin PBXProject section */
		37ED95461D194B7200BEEE82 /* Project object */ = {
			isa = PBXProject;
			attributes = {
				LastSwiftUpdateCheck = 0730;
				LastUpgradeCheck = 0730;
				ORGANIZATIONNAME = Vink;
				TargetAttributes = {
					37ED954D1D194B7200BEEE82 = {
						CreatedOnToolsVersion = 7.3.1;
					};
					37ED95631D194B7200BEEE82 = {
						CreatedOnToolsVersion = 7.3.1;
						TestTargetID = 37ED954D1D194B7200BEEE82;
					};
					37ED956E1D194B7200BEEE82 = {
						CreatedOnToolsVersion = 7.3.1;
						TestTargetID = 37ED954D1D194B7200BEEE82;
					};
				};
			};
			buildConfigurationList = 37ED95491D194B7200BEEE82 /* Build configuration list for PBXProject "Poudlard" */;
			compatibilityVersion = "Xcode 3.2";
			developmentRegion = English;
			hasScannedForEncodings = 0;
			knownRegions = (
				en,
				Base,
			);
			mainGroup = 37ED95451D194B7200BEEE82;
			productRefGroup = 37ED954F1D194B7200BEEE82 /* Products */;
			projectDirPath = "";
			projectRoot = "";
			targets = (
				37ED954D1D194B7200BEEE82 /* Poudlard */,
				37ED95631D194B7200BEEE82 /* PoudlardTests */,
				37ED956E1D194B7200BEEE82 /* PoudlardUITests */,
			);
		};
/* End PBXProject section */

/* Begin PBXResourcesBuildPhase section */
		37ED954C1D194B7200BEEE82 /* Resources */ = {
			isa = PBXResourcesBuildPhase;
			buildActionMask = 2147483647;
			files = (
				37ED955E1D194B7200BEEE82 /* LaunchScreen.storyboard in Resources */,
				37ED955B1D194B7200BEEE82 /* Assets.xcassets in Resources */,
				37ED95591D194B7200BEEE82 /* Main.storyboard in Resources */,
			);
			runOnlyForDeploymentPostprocessing = 0;
		};
		37ED95621D194B7200BEEE82 /* Resources */ = {
			isa = PBXResourcesBuildPhase;
			buildActionMask = 2147483647;
			files = (
			);
			runOnlyForDeploymentPostprocessing = 0;
		};
		37ED956D1D194B7200BEEE82 /* Resources */ = {
			isa = PBXResourcesBuildPhase;
			buildActionMask = 2147483647;
			files = (
			);
			runOnlyForDeploymentPostprocessing = 0;
		};
/* End PBXResourcesBuildPhase section */

/* Begin PBXSourcesBuildPhase section */
		37ED954A1D194B7200BEEE82 /* Sources */ = {
			isa = PBXSourcesBuildPhase;
			buildActionMask = 2147483647;
			files = (
				37ED95561D194B7200BEEE82 /* DetailViewController.swift in Sources */,
				37ED95541D194B7200BEEE82 /* MasterViewController.swift in Sources */,
				37ED95521D194B7200BEEE82 /* AppDelegate.swift in Sources */,
			);
			runOnlyForDeploymentPostprocessing = 0;
		};
		37ED95601D194B7200BEEE82 /* Sources */ = {
			isa = PBXSourcesBuildPhase;
			buildActionMask = 2147483647;
			files = (
				37ED95691D194B7200BEEE82 /* PoudlardTests.swift in Sources */,
			);
			runOnlyForDeploymentPostprocessing = 0;
		};
		37ED956B1D194B7200BEEE82 /* Sources */ = {
			isa = PBXSourcesBuildPhase;
			buildActionMask = 2147483647;
			files = (
				37ED95741D194B7200BEEE82 /* PoudlardUITests.swift in Sources */,
			);
			runOnlyForDeploymentPostprocessing = 0;
		};
/* End PBXSourcesBuildPhase section */

/* Begin PBXTargetDependency section */
		37ED95661D194B7200BEEE82 /* PBXTargetDependency */ = {
			isa = PBXTargetDependency;
			target = 37ED954D1D194B7200BEEE82 /* Poudlard */;
			targetProxy = 37ED95651D194B7200BEEE82 /* PBXContainerItemProxy */;
		};
		37ED95711D194B7200BEEE82 /* PBXTargetDependency */ = {
			isa = PBXTargetDependency;
			target = 37ED954D1D194B7200BEEE82 /* Poudlard */;
			targetProxy = 37ED95701D194B7200BEEE82 /* PBXContainerItemProxy */;
		};
/* End PBXTargetDependency section */

/* Begin PBXVariantGroup section */
		37ED95571D194B7200BEEE82 /* Main.storyboard */ = {
			isa = PBXVariantGroup;
			children = (
				37ED95581D194B7200BEEE82 /* Base */,
			);
			name = Main.storyboard;
			sourceTree = "<group>";
		};
		37ED955C1D194B7200BEEE82 /* LaunchScreen.storyboard */ = {
			isa = PBXVariantGroup;
			children = (
				37ED955D1D194B7200BEEE82 /* Base */,
			);
			name = LaunchScreen.storyboard;
			sourceTree = "<group>";
		};
/* End PBXVariantGroup section */

/* Begin XCBuildConfiguration section */
		37ED95761D194B7200BEEE82 /* Debug */ = {
			isa = XCBuildConfiguration;
			buildSettings = {
				ALWAYS_SEARCH_USER_PATHS = NO;
				CLANG_ANALYZER_NONNULL = YES;
				CLANG_CXX_LANGUAGE_STANDARD = "gnu++0x";
				CLANG_CXX_LIBRARY = "libc++";
				CLANG_ENABLE_MODULES = YES;
				CLANG_ENABLE_OBJC_ARC = YES;
				CLANG_WARN_BOOL_CONVERSION = YES;
				CLANG_WARN_CONSTANT_CONVERSION = YES;
				CLANG_WARN_DIRECT_OBJC_ISA_USAGE = YES_ERROR;
				CLANG_WARN_EMPTY_BODY = YES;
				CLANG_WARN_ENUM_CONVERSION = YES;
				CLANG_WARN_INT_CONVERSION = YES;
				CLANG_WARN_OBJC_ROOT_CLASS = YES_ERROR;
				CLANG_WARN_UNREACHABLE_CODE = YES;
				CLANG_WARN__DUPLICATE_METHOD_MATCH = YES;
				"CODE_SIGN_IDENTITY[sdk=iphoneos*]" = "iPhone Developer";
				COPY_PHASE_STRIP = NO;
				DEBUG_INFORMATION_FORMAT = dwarf;
				ENABLE_STRICT_OBJC_MSGSEND = YES;
				ENABLE_TESTABILITY = YES;
				GCC_C_LANGUAGE_STANDARD = gnu99;
				GCC_DYNAMIC_NO_PIC = NO;
				GCC_NO_COMMON_BLOCKS = YES;
				GCC_OPTIMIZATION_LEVEL = 0;
				GCC_PREPROCESSOR_DEFINITIONS = (
					"DEBUG=1",
					"$(inherited)",
				);
				GCC_WARN_64_TO_32_BIT_CONVERSION = YES;
				GCC_WARN_ABOUT_RETURN_TYPE = YES_ERROR;
				GCC_WARN_UNDECLARED_SELECTOR = YES;
				GCC_WARN_UNINITIALIZED_AUTOS = YES_AGGRESSIVE;
				GCC_WARN_UNUSED_FUNCTION = YES;
				GCC_WARN_UNUSED_VARIABLE = YES;
				IPHONEOS_DEPLOYMENT_TARGET = 9.3;
				MTL_ENABLE_DEBUG_INFO = YES;
				ONLY_ACTIVE_ARCH = YES;
				SDKROOT = iphoneos;
				SWIFT_OPTIMIZATION_LEVEL = "-Onone";
			};
			name = Debug;
		};
		37ED95771D194B7200BEEE82 /* Release */ = {
			isa = XCBuildConfiguration;
			buildSettings = {
				ALWAYS_SEARCH_USER_PATHS = NO;
				CLANG_ANALYZER_NONNULL = YES;
				CLANG_CXX_LANGUAGE_STANDARD = "gnu++0x";
				CLANG_CXX_LIBRARY = "libc++";
				CLANG_ENABLE_MODULES = YES;
				CLANG_ENABLE_OBJC_ARC = YES;
				CLANG_WARN_BOOL_CONVERSION = YES;
				CLANG_WARN_CONSTANT_CONVERSION = YES;
				CLANG_WARN_DIRECT_OBJC_ISA_USAGE = YES_ERROR;
				CLANG_WARN_EMPTY_BODY = YES;
				CLANG_WARN_ENUM_CONVERSION = YES;
				CLANG_WARN_INT_CONVERSION = YES;
				CLANG_WARN_OBJC_ROOT_CLASS = YES_ERROR;
				CLANG_WARN_UNREACHABLE_CODE = YES;
				CLANG_WARN__DUPLICATE_METHOD_MATCH = YES;
				"CODE_SIGN_IDENTITY[sdk=iphoneos*]" = "iPhone Developer";
				COPY_PHASE_STRIP = NO;
				DEBUG_INFORMATION_FORMAT = "dwarf-with-dsym";
				ENABLE_NS_ASSERTIONS = NO;
				ENABLE_STRICT_OBJC_MSGSEND = YES;
				GCC_C_LANGUAGE_STANDARD = gnu99;
				GCC_NO_COMMON_BLOCKS = YES;
				GCC_WARN_64_TO_32_BIT_CONVERSION = YES;
				GCC_WARN_ABOUT_RETURN_TYPE = YES_ERROR;
				GCC_WARN_UNDECLARED_SELECTOR = YES;
				GCC_WARN_UNINITIALIZED_AUTOS = YES_AGGRESSIVE;
				GCC_WARN_UNUSED_FUNCTION = YES;
				GCC_WARN_UNUSED_VARIABLE = YES;
				IPHONEOS_DEPLOYMENT_TARGET = 9.3;
				MTL_ENABLE_DEBUG_INFO = NO;
				SDKROOT = iphoneos;
				VALIDATE_PRODUCT = YES;
			};
			name = Release;
		};
		37ED95791D194B7200BEEE82 /* Debug */ = {
			isa = XCBuildConfiguration;
			buildSettings = {
				ASSETCATALOG_COMPILER_APPICON_NAME = AppIcon;
				INFOPLIST_FILE = Poudlard/Info.plist;
				LD_RUNPATH_SEARCH_PATHS = "$(inherited) @executable_path/Frameworks";
				PRODUCT_BUNDLE_IDENTIFIER = com.vink.Poudlard;
				PRODUCT_NAME = "$(TARGET_NAME)";
			};
			name = Debug;
		};
		37ED957A1D194B7200BEEE82 /* Release */ = {
			isa = XCBuildConfiguration;
			buildSettings = {
				ASSETCATALOG_COMPILER_APPICON_NAME = AppIcon;
				INFOPLIST_FILE = Poudlard/Info.plist;
				LD_RUNPATH_SEARCH_PATHS = "$(inherited) @executable_path/Frameworks";
				PRODUCT_BUNDLE_IDENTIFIER = com.vink.Poudlard;
				PRODUCT_NAME = "$(TARGET_NAME)";
			};
			name = Release;
		};
		37ED957C1D194B7200BEEE82 /* Debug */ = {
			isa = XCBuildConfiguration;
			buildSettings = {
				BUNDLE_LOADER = "$(TEST_HOST)";
				INFOPLIST_FILE = PoudlardTests/Info.plist;
				LD_RUNPATH_SEARCH_PATHS = "$(inherited) @executable_path/Frameworks @loader_path/Frameworks";
				PRODUCT_BUNDLE_IDENTIFIER = com.vink.PoudlardTests;
				PRODUCT_NAME = "$(TARGET_NAME)";
				TEST_HOST = "$(BUILT_PRODUCTS_DIR)/Poudlard.app/Poudlard";
			};
			name = Debug;
		};
		37ED957D1D194B7200BEEE82 /* Release */ = {
			isa = XCBuildConfiguration;
			buildSettings = {
				BUNDLE_LOADER = "$(TEST_HOST)";
				INFOPLIST_FILE = PoudlardTests/Info.plist;
				LD_RUNPATH_SEARCH_PATHS = "$(inherited) @executable_path/Frameworks @loader_path/Frameworks";
				PRODUCT_BUNDLE_IDENTIFIER = com.vink.PoudlardTests;
				PRODUCT_NAME = "$(TARGET_NAME)";
				TEST_HOST = "$(BUILT_PRODUCTS_DIR)/Poudlard.app/Poudlard";
			};
			name = Release;
		};
		37ED957F1D194B7200BEEE82 /* Debug */ = {
			isa = XCBuildConfiguration;
			buildSettings = {
				INFOPLIST_FILE = PoudlardUITests/Info.plist;
				LD_RUNPATH_SEARCH_PATHS = "$(inherited) @executable_path/Frameworks @loader_path/Frameworks";
				PRODUCT_BUNDLE_IDENTIFIER = com.vink.PoudlardUITests;
				PRODUCT_NAME = "$(TARGET_NAME)";
				TEST_TARGET_NAME = Poudlard;
			};
			name = Debug;
		};
		37ED95801D194B7200BEEE82 /* Release */ = {
			isa = XCBuildConfiguration;
			buildSettings = {
				INFOPLIST_FILE = PoudlardUITests/Info.plist;
				LD_RUNPATH_SEARCH_PATHS = "$(inherited) @executable_path/Frameworks @loader_path/Frameworks";
				PRODUCT_BUNDLE_IDENTIFIER = com.vink.PoudlardUITests;
				PRODUCT_NAME = "$(TARGET_NAME)";
				TEST_TARGET_NAME = Poudlard;
			};
			name = Release;
		};
/* End XCBuildConfiguration section */

/* Begin XCConfigurationList section */
		37ED95491D194B7200BEEE82 /* Build configuration list for PBXProject "Poudlard" */ = {
			isa = XCConfigurationList;
			buildConfigurations = (
				37ED95761D194B7200BEEE82 /* Debug */,
				37ED95771D194B7200BEEE82 /* Release */,
			);
			defaultConfigurationIsVisible = 0;
			defaultConfigurationName = Release;
		};
		37ED95781D194B7200BEEE82 /* Build configuration list for PBXNativeTarget "Poudlard" */ = {
			isa = XCConfigurationList;
			buildConfigurations = (
				37ED95791D194B7200BEEE82 /* Debug */,
				37ED957A1D194B7200BEEE82 /* Release */,
			);
			defaultConfigurationIsVisible = 0;
		};
		37ED957B1D194B7200BEEE82 /* Build configuration list for PBXNativeTarget "PoudlardTests" */ = {
			isa = XCConfigurationList;
			buildConfigurations = (
				37ED957C1D194B7200BEEE82 /* Debug */,
				37ED957D1D194B7200BEEE82 /* Release */,
			);
			defaultConfigurationIsVisible = 0;
		};
		37ED957E1D194B7200BEEE82 /* Build configuration list for PBXNativeTarget "PoudlardUITests" */ = {
			isa = XCConfigurationList;
			buildConfigurations = (
				37ED957F1D194B7200BEEE82 /* Debug */,
				37ED95801D194B7200BEEE82 /* Release */,
			);
			defaultConfigurationIsVisible = 0;
		};
/* End XCConfigurationList section */
	};
	rootObject = 37ED95461D194B7200BEEE82 /* Project object */;
}
